<Solution>
  <Folder Name="/Solution Items/">
    <File Path=".gitignore" />
    <File Path="appveyor.yml" />
    <File Path="Directory.Build.props" />
    <File Path="NuGet.config" />
  </Folder>
  <Folder Name="/Tests/">
    <Project Path="Tests/CK.DB.User.SimpleInvitation.Tests/CK.DB.User.SimpleInvitation.Tests.csproj" />
  </Folder>
  <Project Path="CK.DB.User.SimpleInvitation/CK.DB.User.SimpleInvitation.csproj" />
</Solution>